
Microsoft Visual Studio Solution File, Format Version 12.00
# Visual Studio 15
VisualStudioVersion = 15.0.28307.102
MinimumVisualStudioVersion = 10.0.40219.1
Project("{151D2E53-A2C4-4D7D-83FE-D05416EBD58E}") = "WS2016-DC", "WS2016-DC\WS2016-DC.deployproj", "{51DECCFF-3AA2-41B3-A018-9C43C0B3BB6B}"
EndProject
Global
	GlobalSection(SolutionConfigurationPlatforms) = preSolution
		Debug|Any CPU = Debug|Any CPU
		Release|Any CPU = Release|Any CPU
	EndGlobalSection
	GlobalSection(ProjectConfigurationPlatforms) = postSolution
		{51DECCFF-3AA2-41B3-A018-9C43C0B3BB6B}.Debug|Any CPU.ActiveCfg = Debug|Any CPU
		{51DECCFF-3AA2-41B3-A018-9C43C0B3BB6B}.Debug|Any CPU.Build.0 = Debug|Any CPU
		{51DECCFF-3AA2-41B3-A018-9C43C0B3BB6B}.Release|Any CPU.ActiveCfg = Release|Any CPU
		{51DECCFF-3AA2-41B3-A018-9C43C0B3BB6B}.Release|Any CPU.Build.0 = Release|Any CPU
	EndGlobalSection
	GlobalSection(SolutionProperties) = preSolution
		HideSolutionNode = FALSE
	EndGlobalSection
	GlobalSection(ExtensibilityGlobals) = postSolution
		SolutionGuid = {77F7BDC4-18AF-46A1-9848-8E5F9AE74FA5}
	EndGlobalSection
EndGlobal
